// !$*UTF8*$!
{
	archiveVersion = 1;
	classes = {
	};
	objectVersion = 55;
	objects = {

/* Begin PBXBuildFile section */
		14033F2B272D0FC30006613A /* AppDelegate.swift in Sources */ = {isa = PBXBuildFile; fileRef = 14033F2A272D0FC30006613A /* AppDelegate.swift */; };
		14033F2D272D0FC30006613A /* SceneDelegate.swift in Sources */ = {isa = PBXBuildFile; fileRef = 14033F2C272D0FC30006613A /* SceneDelegate.swift */; };
		14033F2F272D0FC30006613A /* ViewController.swift in Sources */ = {isa = PBXBuildFile; fileRef = 14033F2E272D0FC30006613A /* ViewController.swift */; };
		14033F32272D0FC30006613A /* Main.storyboard in Resources */ = {isa = PBXBuildFile; fileRef = 14033F30272D0FC30006613A /* Main.storyboard */; };
		14033F34272D0FC50006613A /* Assets.xcassets in Resources */ = {isa = PBXBuildFile; fileRef = 14033F33272D0FC50006613A /* Assets.xcassets */; };
		14033F37272D0FC60006613A /* LaunchScreen.storyboard in Resources */ = {isa = PBXBuildFile; fileRef = 14033F35272D0FC60006613A /* LaunchScreen.storyboard */; };
		14892BCD272D264C003DFB2E /* APIConstants.swift in Sources */ = {isa = PBXBuildFile; fileRef = 14892BCC272D264B003DFB2E /* APIConstants.swift */; };
		14892BCF272D2845003DFB2E /* LoginResponseDataModel.swift in Sources */ = {isa = PBXBuildFile; fileRef = 14892BCE272D2845003DFB2E /* LoginResponseDataModel.swift */; };
		14892BD1272D2890003DFB2E /* NetworkResult.swift in Sources */ = {isa = PBXBuildFile; fileRef = 14892BD0272D2890003DFB2E /* NetworkResult.swift */; };
		14892BD3272D28AE003DFB2E /* UserSignService.swift in Sources */ = {isa = PBXBuildFile; fileRef = 14892BD2272D28AE003DFB2E /* UserSignService.swift */; };
		80F1C5335EABDC5CDDAC5720 /* Pods_week4_seminar.framework in Frameworks */ = {isa = PBXBuildFile; fileRef = C6FC3DA217A15CD8FDE80ED2 /* Pods_week4_seminar.framework */; };
/* End PBXBuildFile section */

/* Begin PBXFileReference section */
		14033F27272D0FC30006613A /* week4-seminar.app */ = {isa = PBXFileReference; explicitFileType = wrapper.application; includeInIndex = 0; path = "week4-seminar.app"; sourceTree = BUILT_PRODUCTS_DIR; };
		14033F2A272D0FC30006613A /* AppDelegate.swift */ = {isa = PBXFileReference; lastKnownFileType = sourcecode.swift; path = AppDelegate.swift; sourceTree = "<group>"; };
		14033F2C272D0FC30006613A /* SceneDelegate.swift */ = {isa = PBXFileReference; lastKnownFileType = sourcecode.swift; path = SceneDelegate.swift; sourceTree = "<group>"; };
		14033F2E272D0FC30006613A /* ViewController.swift */ = {isa = PBXFileReference; lastKnownFileType = sourcecode.swift; path = ViewController.swift; sourceTree = "<group>"; };
		14033F31272D0FC30006613A /* Base */ = {isa = PBXFileReference; lastKnownFileType = file.storyboard; name = Base; path = Base.lproj/Main.storyboard; sourceTree = "<group>"; };
		14033F33272D0FC50006613A /* Assets.xcassets */ = {isa = PBXFileReference; lastKnownFileType = folder.assetcatalog; path = Assets.xcassets; sourceTree = "<group>"; };
		14033F36272D0FC60006613A /* Base */ = {isa = PBXFileReference; lastKnownFileType = file.storyboard; name = Base; path = Base.lproj/LaunchScreen.storyboard; sourceTree = "<group>"; };
		14033F38272D0FC60006613A /* Info.plist */ = {isa = PBXFileReference; lastKnownFileType = text.plist.xml; path = Info.plist; sourceTree = "<group>"; };
		14892BCC272D264B003DFB2E /* APIConstants.swift */ = {isa = PBXFileReference; lastKnownFileType = sourcecode.swift; path = APIConstants.swift; sourceTree = "<group>"; };
		14892BCE272D2845003DFB2E /* LoginResponseDataModel.swift */ = {isa = PBXFileReference; lastKnownFileType = sourcecode.swift; path = LoginResponseDataModel.swift; sourceTree = "<group>"; };
		14892BD0272D2890003DFB2E /* NetworkResult.swift */ = {isa = PBXFileReference; lastKnownFileType = sourcecode.swift; path = NetworkResult.swift; sourceTree = "<group>"; };
		14892BD2272D28AE003DFB2E /* UserSignService.swift */ = {isa = PBXFileReference; lastKnownFileType = sourcecode.swift; path = UserSignService.swift; sourceTree = "<group>"; };
		2C06A4E8DD836859E58F3AF4 /* Pods-week4-seminar.release.xcconfig */ = {isa = PBXFileReference; includeInIndex = 1; lastKnownFileType = text.xcconfig; name = "Pods-week4-seminar.release.xcconfig"; path = "Target Support Files/Pods-week4-seminar/Pods-week4-seminar.release.xcconfig"; sourceTree = "<group>"; };
		C6FC3DA217A15CD8FDE80ED2 /* Pods_week4_seminar.framework */ = {isa = PBXFileReference; explicitFileType = wrapper.framework; includeInIndex = 0; path = Pods_week4_seminar.framework; sourceTree = BUILT_PRODUCTS_DIR; };
		C8CA521E593196BA050E1E83 /* Pods-week4-seminar.debug.xcconfig */ = {isa = PBXFileReference; includeInIndex = 1; lastKnownFileType = text.xcconfig; name = "Pods-week4-seminar.debug.xcconfig"; path = "Target Support Files/Pods-week4-seminar/Pods-week4-seminar.debug.xcconfig"; sourceTree = "<group>"; };
/* End PBXFileReference section */

/* Begin PBXFrameworksBuildPhase section */
		14033F24272D0FC30006613A /* Frameworks */ = {
			isa = PBXFrameworksBuildPhase;
			buildActionMask = 2147483647;
			files = (
				80F1C5335EABDC5CDDAC5720 /* Pods_week4_seminar.framework in Frameworks */,
			);
			runOnlyForDeploymentPostprocessing = 0;
		};
/* End PBXFrameworksBuildPhase section */

/* Begin PBXGroup section */
		14033F1E272D0FC30006613A = {
			isa = PBXGroup;
			children = (
				14033F29272D0FC30006613A /* week4-seminar */,
				14033F28272D0FC30006613A /* Products */,
				A3DF1AD34D25054106D21AD2 /* Pods */,
				FF2A55A0AC62A878DBD014DC /* Frameworks */,
			);
			sourceTree = "<group>";
		};
		14033F28272D0FC30006613A /* Products */ = {
			isa = PBXGroup;
			children = (
				14033F27272D0FC30006613A /* week4-seminar.app */,
			);
			name = Products;
			sourceTree = "<group>";
		};
		14033F29272D0FC30006613A /* week4-seminar */ = {
			isa = PBXGroup;
			children = (
				14033F2A272D0FC30006613A /* AppDelegate.swift */,
				14033F2C272D0FC30006613A /* SceneDelegate.swift */,
				14033F2E272D0FC30006613A /* ViewController.swift */,
				14892BCC272D264B003DFB2E /* APIConstants.swift */,
				14892BD0272D2890003DFB2E /* NetworkResult.swift */,
				14892BCE272D2845003DFB2E /* LoginResponseDataModel.swift */,
				14033F30272D0FC30006613A /* Main.storyboard */,
				14892BD2272D28AE003DFB2E /* UserSignService.swift */,
				14033F33272D0FC50006613A /* Assets.xcassets */,
				14033F35272D0FC60006613A /* LaunchScreen.storyboard */,
				14033F38272D0FC60006613A /* Info.plist */,
			);
			path = "week4-seminar";
			sourceTree = "<group>";
		};
		A3DF1AD34D25054106D21AD2 /* Pods */ = {
			isa = PBXGroup;
			children = (
				C8CA521E593196BA050E1E83 /* Pods-week4-seminar.debug.xcconfig */,
				2C06A4E8DD836859E58F3AF4 /* Pods-week4-seminar.release.xcconfig */,
			);
			path = Pods;
			sourceTree = "<group>";
		};
		FF2A55A0AC62A878DBD014DC /* Frameworks */ = {
			isa = PBXGroup;
			children = (
				C6FC3DA217A15CD8FDE80ED2 /* Pods_week4_seminar.framework */,
			);
			name = Frameworks;
			sourceTree = "<group>";
		};
/* End PBXGroup section */

/* Begin PBXNativeTarget section */
		14033F26272D0FC30006613A /* week4-seminar */ = {
			isa = PBXNativeTarget;
			buildConfigurationList = 14033F3B272D0FC60006613A /* Build configuration list for PBXNativeTarget "week4-seminar" */;
			buildPhases = (
				81DB846E2C2E6D4EAB52F22A /* [CP] Check Pods Manifest.lock */,
				14033F23272D0FC30006613A /* Sources */,
				14033F24272D0FC30006613A /* Frameworks */,
				14033F25272D0FC30006613A /* Resources */,
				F1E50EFD5F0BDA4916109AD0 /* [CP] Embed Pods Frameworks */,
			);
			buildRules = (
			);
			dependencies = (
			);
			name = "week4-seminar";
			productName = "week4-seminar";
			productReference = 14033F27272D0FC30006613A /* week4-seminar.app */;
			productType = "com.apple.product-type.application";
		};
/* End PBXNativeTarget section */

/* Begin PBXProject section */
		14033F1F272D0FC30006613A /* Project object */ = {
			isa = PBXProject;
			attributes = {
				BuildIndependentTargetsInParallel = 1;
				LastSwiftUpdateCheck = 1310;
				LastUpgradeCheck = 1310;
				TargetAttributes = {
					14033F26272D0FC30006613A = {
						CreatedOnToolsVersion = 13.1;
					};
				};
			};
			buildConfigurationList = 14033F22272D0FC30006613A /* Build configuration list for PBXProject "week4-seminar" */;
			compatibilityVersion = "Xcode 13.0";
			developmentRegion = en;
			hasScannedForEncodings = 0;
			knownRegions = (
				en,
				Base,
			);
			mainGroup = 14033F1E272D0FC30006613A;
			productRefGroup = 14033F28272D0FC30006613A /* Products */;
			projectDirPath = "";
			projectRoot = "";
			targets = (
				14033F26272D0FC30006613A /* week4-seminar */,
			);
		};
/* End PBXProject section */

/* Begin PBXResourcesBuildPhase section */
		14033F25272D0FC30006613A /* Resources */ = {
			isa = PBXResourcesBuildPhase;
			buildActionMask = 2147483647;
			files = (
				14033F37272D0FC60006613A /* LaunchScreen.storyboard in Resources */,
				14033F34272D0FC50006613A /* Assets.xcassets in Resources */,
				14033F32272D0FC30006613A /* Main.storyboard in Resources */,
			);
			runOnlyForDeploymentPostprocessing = 0;
		};
/* End PBXResourcesBuildPhase section */

/* Begin PBXShellScriptBuildPhase section */
		81DB846E2C2E6D4EAB52F22A /* [CP] Check Pods Manifest.lock */ = {
			isa = PBXShellScriptBuildPhase;
			buildActionMask = 2147483647;
			files = (
			);
			inputFileListPaths = (
			);
			inputPaths = (
				"${PODS_PODFILE_DIR_PATH}/Podfile.lock",
				"${PODS_ROOT}/Manifest.lock",
			);
			name = "[CP] Check Pods Manifest.lock";
			outputFileListPaths = (
			);
			outputPaths = (
				"$(DERIVED_FILE_DIR)/Pods-week4-seminar-checkManifestLockResult.txt",
			);
			runOnlyForDeploymentPostprocessing = 0;
			shellPath = /bin/sh;
			shellScript = "diff \"${PODS_PODFILE_DIR_PATH}/Podfile.lock\" \"${PODS_ROOT}/Manifest.lock\" > /dev/null\nif [ $? != 0 ] ; then\n    # print error to STDERR\n    echo \"error: The sandbox is not in sync with the Podfile.lock. Run 'pod install' or update your CocoaPods installation.\" >&2\n    exit 1\nfi\n# This output is used by Xcode 'outputs' to avoid re-running this script phase.\necho \"SUCCESS\" > \"${SCRIPT_OUTPUT_FILE_0}\"\n";
			showEnvVarsInLog = 0;
		};
		F1E50EFD5F0BDA4916109AD0 /* [CP] Embed Pods Frameworks */ = {
			isa = PBXShellScriptBuildPhase;
			buildActionMask = 2147483647;
			files = (
			);
			inputFileListPaths = (
				"${PODS_ROOT}/Target Support Files/Pods-week4-seminar/Pods-week4-seminar-frameworks-${CONFIGURATION}-input-files.xcfilelist",
			);
			name = "[CP] Embed Pods Frameworks";
			outputFileListPaths = (
				"${PODS_ROOT}/Target Support Files/Pods-week4-seminar/Pods-week4-seminar-frameworks-${CONFIGURATION}-output-files.xcfilelist",
			);
			runOnlyForDeploymentPostprocessing = 0;
			shellPath = /bin/sh;
			shellScript = "\"${PODS_ROOT}/Target Support Files/Pods-week4-seminar/Pods-week4-seminar-frameworks.sh\"\n";
			showEnvVarsInLog = 0;
		};
/* End PBXShellScriptBuildPhase section */

/* Begin PBXSourcesBuildPhase section */
		14033F23272D0FC30006613A /* Sources */ = {
			isa = PBXSourcesBuildPhase;
			buildActionMask = 2147483647;
			files = (
				14892BCD272D264C003DFB2E /* APIConstants.swift in Sources */,
				14892BD3272D28AE003DFB2E /* UserSignService.swift in Sources */,
				14033F2F272D0FC30006613A /* ViewController.swift in Sources */,
				14892BCF272D2845003DFB2E /* LoginResponseDataModel.swift in Sources */,
				14892BD1272D2890003DFB2E /* NetworkResult.swift in Sources */,
				14033F2B272D0FC30006613A /* AppDelegate.swift in Sources */,
				14033F2D272D0FC30006613A /* SceneDelegate.swift in Sources */,
			);
			runOnlyForDeploymentPostprocessing = 0;
		};
/* End PBXSourcesBuildPhase section */

/* Begin PBXVariantGroup section */
		14033F30272D0FC30006613A /* Main.storyboard */ = {
			isa = PBXVariantGroup;
			children = (
				14033F31272D0FC30006613A /* Base */,
			);
			name = Main.storyboard;
			sourceTree = "<group>";
		};
		14033F35272D0FC60006613A /* LaunchScreen.storyboard */ = {
			isa = PBXVariantGroup;
			children = (
				14033F36272D0FC60006613A /* Base */,
			);
			name = LaunchScreen.storyboard;
			sourceTree = "<group>";
		};
/* End PBXVariantGroup section */

/* Begin XCBuildConfiguration section */
		14033F39272D0FC60006613A /* Debug */ = {
			isa = XCBuildConfiguration;
			buildSettings = {
				ALWAYS_SEARCH_USER_PATHS = NO;
				CLANG_ANALYZER_NONNULL = YES;
				CLANG_ANALYZER_NUMBER_OBJECT_CONVERSION = YES_AGGRESSIVE;
				CLANG_CXX_LANGUAGE_STANDARD = "gnu++17";
				CLANG_CXX_LIBRARY = "libc++";
				CLANG_ENABLE_MODULES = YES;
				CLANG_ENABLE_OBJC_ARC = YES;
				CLANG_ENABLE_OBJC_WEAK = YES;
				CLANG_WARN_BLOCK_CAPTURE_AUTORELEASING = YES;
				CLANG_WARN_BOOL_CONVERSION = YES;
				CLANG_WARN_COMMA = YES;
				CLANG_WARN_CONSTANT_CONVERSION = YES;
				CLANG_WARN_DEPRECATED_OBJC_IMPLEMENTATIONS = YES;
				CLANG_WARN_DIRECT_OBJC_ISA_USAGE = YES_ERROR;
				CLANG_WARN_DOCUMENTATION_COMMENTS = YES;
				CLANG_WARN_EMPTY_BODY = YES;
				CLANG_WARN_ENUM_CONVERSION = YES;
				CLANG_WARN_INFINITE_RECURSION = YES;
				CLANG_WARN_INT_CONVERSION = YES;
				CLANG_WARN_NON_LITERAL_NULL_CONVERSION = YES;
				CLANG_WARN_OBJC_IMPLICIT_RETAIN_SELF = YES;
				CLANG_WARN_OBJC_LITERAL_CONVERSION = YES;
				CLANG_WARN_OBJC_ROOT_CLASS = YES_ERROR;
				CLANG_WARN_QUOTED_INCLUDE_IN_FRAMEWORK_HEADER = YES;
				CLANG_WARN_RANGE_LOOP_ANALYSIS = YES;
				CLANG_WARN_STRICT_PROTOTYPES = YES;
				CLANG_WARN_SUSPICIOUS_MOVE = YES;
				CLANG_WARN_UNGUARDED_AVAILABILITY = YES_AGGRESSIVE;
				CLANG_WARN_UNREACHABLE_CODE = YES;
				CLANG_WARN__DUPLICATE_METHOD_MATCH = YES;
				COPY_PHASE_STRIP = NO;
				DEBUG_INFORMATION_FORMAT = dwarf;
				ENABLE_STRICT_OBJC_MSGSEND = YES;
				ENABLE_TESTABILITY = YES;
				GCC_C_LANGUAGE_STANDARD = gnu11;
				GCC_DYNAMIC_NO_PIC = NO;
				GCC_NO_COMMON_BLOCKS = YES;
				GCC_OPTIMIZATION_LEVEL = 0;
				GCC_PREPROCESSOR_DEFINITIONS = (
					"DEBUG=1",
					"$(inherited)",
				);
				GCC_WARN_64_TO_32_BIT_CONVERSION = YES;
				GCC_WARN_ABOUT_RETURN_TYPE = YES_ERROR;
				GCC_WARN_UNDECLARED_SELECTOR = YES;
				GCC_WARN_UNINITIALIZED_AUTOS = YES_AGGRESSIVE;
				GCC_WARN_UNUSED_FUNCTION = YES;
				GCC_WARN_UNUSED_VARIABLE = YES;
				IPHONEOS_DEPLOYMENT_TARGET = 15.0;
				MTL_ENABLE_DEBUG_INFO = INCLUDE_SOURCE;
				MTL_FAST_MATH = YES;
				ONLY_ACTIVE_ARCH = YES;
				SDKROOT = iphoneos;
				SWIFT_ACTIVE_COMPILATION_CONDITIONS = DEBUG;
				SWIFT_OPTIMIZATION_LEVEL = "-Onone";
			};
			name = Debug;
		};
		14033F3A272D0FC60006613A /* Release */ = {
			isa = XCBuildConfiguration;
			buildSettings = {
				ALWAYS_SEARCH_USER_PATHS = NO;
				CLANG_ANALYZER_NONNULL = YES;
				CLANG_ANALYZER_NUMBER_OBJECT_CONVERSION = YES_AGGRESSIVE;
				CLANG_CXX_LANGUAGE_STANDARD = "gnu++17";
				CLANG_CXX_LIBRARY = "libc++";
				CLANG_ENABLE_MODULES = YES;
				CLANG_ENABLE_OBJC_ARC = YES;
				CLANG_ENABLE_OBJC_WEAK = YES;
				CLANG_WARN_BLOCK_CAPTURE_AUTORELEASING = YES;
				CLANG_WARN_BOOL_CONVERSION = YES;
				CLANG_WARN_COMMA = YES;
				CLANG_WARN_CONSTANT_CONVERSION = YES;
				CLANG_WARN_DEPRECATED_OBJC_IMPLEMENTATIONS = YES;
				CLANG_WARN_DIRECT_OBJC_ISA_USAGE = YES_ERROR;
				CLANG_WARN_DOCUMENTATION_COMMENTS = YES;
				CLANG_WARN_EMPTY_BODY = YES;
				CLANG_WARN_ENUM_CONVERSION = YES;
				CLANG_WARN_INFINITE_RECURSION = YES;
				CLANG_WARN_INT_CONVERSION = YES;
				CLANG_WARN_NON_LITERAL_NULL_CONVERSION = YES;
				CLANG_WARN_OBJC_IMPLICIT_RETAIN_SELF = YES;
				CLANG_WARN_OBJC_LITERAL_CONVERSION = YES;
				CLANG_WARN_OBJC_ROOT_CLASS = YES_ERROR;
				CLANG_WARN_QUOTED_INCLUDE_IN_FRAMEWORK_HEADER = YES;
				CLANG_WARN_RANGE_LOOP_ANALYSIS = YES;
				CLANG_WARN_STRICT_PROTOTYPES = YES;
				CLANG_WARN_SUSPICIOUS_MOVE = YES;
				CLANG_WARN_UNGUARDED_AVAILABILITY = YES_AGGRESSIVE;
				CLANG_WARN_UNREACHABLE_CODE = YES;
				CLANG_WARN__DUPLICATE_METHOD_MATCH = YES;
				COPY_PHASE_STRIP = NO;
				DEBUG_INFORMATION_FORMAT = "dwarf-with-dsym";
				ENABLE_NS_ASSERTIONS = NO;
				ENABLE_STRICT_OBJC_MSGSEND = YES;
				GCC_C_LANGUAGE_STANDARD = gnu11;
				GCC_NO_COMMON_BLOCKS = YES;
				GCC_WARN_64_TO_32_BIT_CONVERSION = YES;
				GCC_WARN_ABOUT_RETURN_TYPE = YES_ERROR;
				GCC_WARN_UNDECLARED_SELECTOR = YES;
				GCC_WARN_UNINITIALIZED_AUTOS = YES_AGGRESSIVE;
				GCC_WARN_UNUSED_FUNCTION = YES;
				GCC_WARN_UNUSED_VARIABLE = YES;
				IPHONEOS_DEPLOYMENT_TARGET = 15.0;
				MTL_ENABLE_DEBUG_INFO = NO;
				MTL_FAST_MATH = YES;
				SDKROOT = iphoneos;
				SWIFT_COMPILATION_MODE = wholemodule;
				SWIFT_OPTIMIZATION_LEVEL = "-O";
				VALIDATE_PRODUCT = YES;
			};
			name = Release;
		};
		14033F3C272D0FC60006613A /* Debug */ = {
			isa = XCBuildConfiguration;
			baseConfigurationReference = C8CA521E593196BA050E1E83 /* Pods-week4-seminar.debug.xcconfig */;
			buildSettings = {
				ASSETCATALOG_COMPILER_APPICON_NAME = AppIcon;
				ASSETCATALOG_COMPILER_GLOBAL_ACCENT_COLOR_NAME = AccentColor;
				CODE_SIGN_STYLE = Automatic;
				CURRENT_PROJECT_VERSION = 1;
				DEVELOPMENT_TEAM = 8TDPZKXY69;
				GENERATE_INFOPLIST_FILE = YES;
				INFOPLIST_FILE = "week4-seminar/Info.plist";
				INFOPLIST_KEY_UIApplicationSupportsIndirectInputEvents = YES;
				INFOPLIST_KEY_UILaunchStoryboardName = LaunchScreen;
				INFOPLIST_KEY_UIMainStoryboardFile = Main;
				INFOPLIST_KEY_UISupportedInterfaceOrientations_iPad = "UIInterfaceOrientationPortrait UIInterfaceOrientationPortraitUpsideDown UIInterfaceOrientationLandscapeLeft UIInterfaceOrientationLandscapeRight";
				INFOPLIST_KEY_UISupportedInterfaceOrientations_iPhone = "UIInterfaceOrientationPortrait UIInterfaceOrientationLandscapeLeft UIInterfaceOrientationLandscapeRight";
				LD_RUNPATH_SEARCH_PATHS = (
					"$(inherited)",
					"@executable_path/Frameworks",
				);
				MARKETING_VERSION = 1.0;
				PRODUCT_BUNDLE_IDENTIFIER = "SOPT-29th.week4-seminar";
				PRODUCT_NAME = "$(TARGET_NAME)";
				SWIFT_EMIT_LOC_STRINGS = YES;
				SWIFT_VERSION = 5.0;
				TARGETED_DEVICE_FAMILY = "1,2";
			};
			name = Debug;
		};
		14033F3D272D0FC60006613A /* Release */ = {
			isa = XCBuildConfiguration;
			baseConfigurationReference = 2C06A4E8DD836859E58F3AF4 /* Pods-week4-seminar.release.xcconfig */;
			buildSettings = {
				ASSETCATALOG_COMPILER_APPICON_NAME = AppIcon;
				ASSETCATALOG_COMPILER_GLOBAL_ACCENT_COLOR_NAME = AccentColor;
				CODE_SIGN_STYLE = Automatic;
				CURRENT_PROJECT_VERSION = 1;
				DEVELOPMENT_TEAM = 8TDPZKXY69;
				GENERATE_INFOPLIST_FILE = YES;
				INFOPLIST_FILE = "week4-seminar/Info.plist";
				INFOPLIST_KEY_UIApplicationSupportsIndirectInputEvents = YES;
				INFOPLIST_KEY_UILaunchStoryboardName = LaunchScreen;
				INFOPLIST_KEY_UIMainStoryboardFile = Main;
				INFOPLIST_KEY_UISupportedInterfaceOrientations_iPad = "UIInterfaceOrientationPortrait UIInterfaceOrientationPortraitUpsideDown UIInterfaceOrientationLandscapeLeft UIInterfaceOrientationLandscapeRight";
				INFOPLIST_KEY_UISupportedInterfaceOrientations_iPhone = "UIInterfaceOrientationPortrait UIInterfaceOrientationLandscapeLeft UIInterfaceOrientationLandscapeRight";
				LD_RUNPATH_SEARCH_PATHS = (
					"$(inherited)",
					"@executable_path/Frameworks",
				);
				MARKETING_VERSION = 1.0;
				PRODUCT_BUNDLE_IDENTIFIER = "SOPT-29th.week4-seminar";
				PRODUCT_NAME = "$(TARGET_NAME)";
				SWIFT_EMIT_LOC_STRINGS = YES;
				SWIFT_VERSION = 5.0;
				TARGETED_DEVICE_FAMILY = "1,2";
			};
			name = Release;
		};
/* End XCBuildConfiguration section */

/* Begin XCConfigurationList section */
		14033F22272D0FC30006613A /* Build configuration list for PBXProject "week4-seminar" */ = {
			isa = XCConfigurationList;
			buildConfigurations = (
				14033F39272D0FC60006613A /* Debug */,
				14033F3A272D0FC60006613A /* Release */,
			);
			defaultConfigurationIsVisible = 0;
			defaultConfigurationName = Release;
		};
		14033F3B272D0FC60006613A /* Build configuration list for PBXNativeTarget "week4-seminar" */ = {
			isa = XCConfigurationList;
			buildConfigurations = (
				14033F3C272D0FC60006613A /* Debug */,
				14033F3D272D0FC60006613A /* Release */,
			);
			defaultConfigurationIsVisible = 0;
			defaultConfigurationName = Release;
		};
/* End XCConfigurationList section */
	};
	rootObject = 14033F1F272D0FC30006613A /* Project object */;
}
