// !$*UTF8*$!
{
	archiveVersion = 1;
	classes = {
	};
	objectVersion = 55;
	objects = {

/* Begin PBXBuildFile section */
		142FE5D327118169001B9702 /* AppDelegate.swift in Sources */ = {isa = PBXBuildFile; fileRef = 142FE5D227118169001B9702 /* AppDelegate.swift */; };
		142FE5D527118169001B9702 /* SceneDelegate.swift in Sources */ = {isa = PBXBuildFile; fileRef = 142FE5D427118169001B9702 /* SceneDelegate.swift */; };
		142FE5D727118169001B9702 /* ViewController.swift in Sources */ = {isa = PBXBuildFile; fileRef = 142FE5D627118169001B9702 /* ViewController.swift */; };
		142FE5DA27118169001B9702 /* Main.storyboard in Resources */ = {isa = PBXBuildFile; fileRef = 142FE5D827118169001B9702 /* Main.storyboard */; };
		142FE5DC2711816B001B9702 /* Assets.xcassets in Resources */ = {isa = PBXBuildFile; fileRef = 142FE5DB2711816B001B9702 /* Assets.xcassets */; };
		142FE5DF2711816B001B9702 /* LaunchScreen.storyboard in Resources */ = {isa = PBXBuildFile; fileRef = 142FE5DD2711816B001B9702 /* LaunchScreen.storyboard */; };
		142FE5E727118185001B9702 /* Tabbar.storyboard in Resources */ = {isa = PBXBuildFile; fileRef = 142FE5E627118185001B9702 /* Tabbar.storyboard */; };
		142FE5E9271183D1001B9702 /* CustomTabbarController.swift in Sources */ = {isa = PBXBuildFile; fileRef = 142FE5E8271183D1001B9702 /* CustomTabbarController.swift */; };
		142FE5EB271183E8001B9702 /* OrangeVC.swift in Sources */ = {isa = PBXBuildFile; fileRef = 142FE5EA271183E7001B9702 /* OrangeVC.swift */; };
		142FE5ED271183F5001B9702 /* PurpleVC.swift in Sources */ = {isa = PBXBuildFile; fileRef = 142FE5EC271183F5001B9702 /* PurpleVC.swift */; };
/* End PBXBuildFile section */

/* Begin PBXFileReference section */
		142FE5CF27118169001B9702 /* week2-seminar2.app */ = {isa = PBXFileReference; explicitFileType = wrapper.application; includeInIndex = 0; path = "week2-seminar2.app"; sourceTree = BUILT_PRODUCTS_DIR; };
		142FE5D227118169001B9702 /* AppDelegate.swift */ = {isa = PBXFileReference; lastKnownFileType = sourcecode.swift; path = AppDelegate.swift; sourceTree = "<group>"; };
		142FE5D427118169001B9702 /* SceneDelegate.swift */ = {isa = PBXFileReference; lastKnownFileType = sourcecode.swift; path = SceneDelegate.swift; sourceTree = "<group>"; };
		142FE5D627118169001B9702 /* ViewController.swift */ = {isa = PBXFileReference; lastKnownFileType = sourcecode.swift; path = ViewController.swift; sourceTree = "<group>"; };
		142FE5D927118169001B9702 /* Base */ = {isa = PBXFileReference; lastKnownFileType = file.storyboard; name = Base; path = Base.lproj/Main.storyboard; sourceTree = "<group>"; };
		142FE5DB2711816B001B9702 /* Assets.xcassets */ = {isa = PBXFileReference; lastKnownFileType = folder.assetcatalog; path = Assets.xcassets; sourceTree = "<group>"; };
		142FE5DE2711816B001B9702 /* Base */ = {isa = PBXFileReference; lastKnownFileType = file.storyboard; name = Base; path = Base.lproj/LaunchScreen.storyboard; sourceTree = "<group>"; };
		142FE5E02711816B001B9702 /* Info.plist */ = {isa = PBXFileReference; lastKnownFileType = text.plist.xml; path = Info.plist; sourceTree = "<group>"; };
		142FE5E627118185001B9702 /* Tabbar.storyboard */ = {isa = PBXFileReference; lastKnownFileType = file.storyboard; path = Tabbar.storyboard; sourceTree = "<group>"; };
		142FE5E8271183D1001B9702 /* CustomTabbarController.swift */ = {isa = PBXFileReference; lastKnownFileType = sourcecode.swift; path = CustomTabbarController.swift; sourceTree = "<group>"; };
		142FE5EA271183E7001B9702 /* OrangeVC.swift */ = {isa = PBXFileReference; lastKnownFileType = sourcecode.swift; path = OrangeVC.swift; sourceTree = "<group>"; };
		142FE5EC271183F5001B9702 /* PurpleVC.swift */ = {isa = PBXFileReference; lastKnownFileType = sourcecode.swift; path = PurpleVC.swift; sourceTree = "<group>"; };
/* End PBXFileReference section */

/* Begin PBXFrameworksBuildPhase section */
		142FE5CC27118169001B9702 /* Frameworks */ = {
			isa = PBXFrameworksBuildPhase;
			buildActionMask = 2147483647;
			files = (
			);
			runOnlyForDeploymentPostprocessing = 0;
		};
/* End PBXFrameworksBuildPhase section */

/* Begin PBXGroup section */
		142FE5C627118169001B9702 = {
			isa = PBXGroup;
			children = (
				142FE5D127118169001B9702 /* week2-seminar2 */,
				142FE5D027118169001B9702 /* Products */,
			);
			sourceTree = "<group>";
		};
		142FE5D027118169001B9702 /* Products */ = {
			isa = PBXGroup;
			children = (
				142FE5CF27118169001B9702 /* week2-seminar2.app */,
			);
			name = Products;
			sourceTree = "<group>";
		};
		142FE5D127118169001B9702 /* week2-seminar2 */ = {
			isa = PBXGroup;
			children = (
				142FE5D227118169001B9702 /* AppDelegate.swift */,
				142FE5D427118169001B9702 /* SceneDelegate.swift */,
				142FE5D627118169001B9702 /* ViewController.swift */,
				142FE5D827118169001B9702 /* Main.storyboard */,
				142FE5DB2711816B001B9702 /* Assets.xcassets */,
				142FE5DD2711816B001B9702 /* LaunchScreen.storyboard */,
				142FE5E02711816B001B9702 /* Info.plist */,
				142FE5E627118185001B9702 /* Tabbar.storyboard */,
				142FE5E8271183D1001B9702 /* CustomTabbarController.swift */,
				142FE5EA271183E7001B9702 /* OrangeVC.swift */,
				142FE5EC271183F5001B9702 /* PurpleVC.swift */,
			);
			path = "week2-seminar2";
			sourceTree = "<group>";
		};
/* End PBXGroup section */

/* Begin PBXNativeTarget section */
		142FE5CE27118169001B9702 /* week2-seminar2 */ = {
			isa = PBXNativeTarget;
			buildConfigurationList = 142FE5E32711816B001B9702 /* Build configuration list for PBXNativeTarget "week2-seminar2" */;
			buildPhases = (
				142FE5CB27118169001B9702 /* Sources */,
				142FE5CC27118169001B9702 /* Frameworks */,
				142FE5CD27118169001B9702 /* Resources */,
			);
			buildRules = (
			);
			dependencies = (
			);
			name = "week2-seminar2";
			productName = "week2-seminar2";
			productReference = 142FE5CF27118169001B9702 /* week2-seminar2.app */;
			productType = "com.apple.product-type.application";
		};
/* End PBXNativeTarget section */

/* Begin PBXProject section */
		142FE5C727118169001B9702 /* Project object */ = {
			isa = PBXProject;
			attributes = {
				BuildIndependentTargetsInParallel = 1;
				LastSwiftUpdateCheck = 1300;
				LastUpgradeCheck = 1300;
				TargetAttributes = {
					142FE5CE27118169001B9702 = {
						CreatedOnToolsVersion = 13.0;
					};
				};
			};
			buildConfigurationList = 142FE5CA27118169001B9702 /* Build configuration list for PBXProject "week2-seminar2" */;
			compatibilityVersion = "Xcode 13.0";
			developmentRegion = en;
			hasScannedForEncodings = 0;
			knownRegions = (
				en,
				Base,
			);
			mainGroup = 142FE5C627118169001B9702;
			productRefGroup = 142FE5D027118169001B9702 /* Products */;
			projectDirPath = "";
			projectRoot = "";
			targets = (
				142FE5CE27118169001B9702 /* week2-seminar2 */,
			);
		};
/* End PBXProject section */

/* Begin PBXResourcesBuildPhase section */
		142FE5CD27118169001B9702 /* Resources */ = {
			isa = PBXResourcesBuildPhase;
			buildActionMask = 2147483647;
			files = (
				142FE5E727118185001B9702 /* Tabbar.storyboard in Resources */,
				142FE5DF2711816B001B9702 /* LaunchScreen.storyboard in Resources */,
				142FE5DC2711816B001B9702 /* Assets.xcassets in Resources */,
				142FE5DA27118169001B9702 /* Main.storyboard in Resources */,
			);
			runOnlyForDeploymentPostprocessing = 0;
		};
/* End PBXResourcesBuildPhase section */

/* Begin PBXSourcesBuildPhase section */
		142FE5CB27118169001B9702 /* Sources */ = {
			isa = PBXSourcesBuildPhase;
			buildActionMask = 2147483647;
			files = (
				142FE5D727118169001B9702 /* ViewController.swift in Sources */,
				142FE5D327118169001B9702 /* AppDelegate.swift in Sources */,
				142FE5ED271183F5001B9702 /* PurpleVC.swift in Sources */,
				142FE5EB271183E8001B9702 /* OrangeVC.swift in Sources */,
				142FE5E9271183D1001B9702 /* CustomTabbarController.swift in Sources */,
				142FE5D527118169001B9702 /* SceneDelegate.swift in Sources */,
			);
			runOnlyForDeploymentPostprocessing = 0;
		};
/* End PBXSourcesBuildPhase section */

/* Begin PBXVariantGroup section */
		142FE5D827118169001B9702 /* Main.storyboard */ = {
			isa = PBXVariantGroup;
			children = (
				142FE5D927118169001B9702 /* Base */,
			);
			name = Main.storyboard;
			sourceTree = "<group>";
		};
		142FE5DD2711816B001B9702 /* LaunchScreen.storyboard */ = {
			isa = PBXVariantGroup;
			children = (
				142FE5DE2711816B001B9702 /* Base */,
			);
			name = LaunchScreen.storyboard;
			sourceTree = "<group>";
		};
/* End PBXVariantGroup section */

/* Begin XCBuildConfiguration section */
		142FE5E12711816B001B9702 /* Debug */ = {
			isa = XCBuildConfiguration;
			buildSettings = {
				ALWAYS_SEARCH_USER_PATHS = NO;
				CLANG_ANALYZER_NONNULL = YES;
				CLANG_ANALYZER_NUMBER_OBJECT_CONVERSION = YES_AGGRESSIVE;
				CLANG_CXX_LANGUAGE_STANDARD = "gnu++17";
				CLANG_CXX_LIBRARY = "libc++";
				CLANG_ENABLE_MODULES = YES;
				CLANG_ENABLE_OBJC_ARC = YES;
				CLANG_ENABLE_OBJC_WEAK = YES;
				CLANG_WARN_BLOCK_CAPTURE_AUTORELEASING = YES;
				CLANG_WARN_BOOL_CONVERSION = YES;
				CLANG_WARN_COMMA = YES;
				CLANG_WARN_CONSTANT_CONVERSION = YES;
				CLANG_WARN_DEPRECATED_OBJC_IMPLEMENTATIONS = YES;
				CLANG_WARN_DIRECT_OBJC_ISA_USAGE = YES_ERROR;
				CLANG_WARN_DOCUMENTATION_COMMENTS = YES;
				CLANG_WARN_EMPTY_BODY = YES;
				CLANG_WARN_ENUM_CONVERSION = YES;
				CLANG_WARN_INFINITE_RECURSION = YES;
				CLANG_WARN_INT_CONVERSION = YES;
				CLANG_WARN_NON_LITERAL_NULL_CONVERSION = YES;
				CLANG_WARN_OBJC_IMPLICIT_RETAIN_SELF = YES;
				CLANG_WARN_OBJC_LITERAL_CONVERSION = YES;
				CLANG_WARN_OBJC_ROOT_CLASS = YES_ERROR;
				CLANG_WARN_QUOTED_INCLUDE_IN_FRAMEWORK_HEADER = YES;
				CLANG_WARN_RANGE_LOOP_ANALYSIS = YES;
				CLANG_WARN_STRICT_PROTOTYPES = YES;
				CLANG_WARN_SUSPICIOUS_MOVE = YES;
				CLANG_WARN_UNGUARDED_AVAILABILITY = YES_AGGRESSIVE;
				CLANG_WARN_UNREACHABLE_CODE = YES;
				CLANG_WARN__DUPLICATE_METHOD_MATCH = YES;
				COPY_PHASE_STRIP = NO;
				DEBUG_INFORMATION_FORMAT = dwarf;
				ENABLE_STRICT_OBJC_MSGSEND = YES;
				ENABLE_TESTABILITY = YES;
				GCC_C_LANGUAGE_STANDARD = gnu11;
				GCC_DYNAMIC_NO_PIC = NO;
				GCC_NO_COMMON_BLOCKS = YES;
				GCC_OPTIMIZATION_LEVEL = 0;
				GCC_PREPROCESSOR_DEFINITIONS = (
					"DEBUG=1",
					"$(inherited)",
				);
				GCC_WARN_64_TO_32_BIT_CONVERSION = YES;
				GCC_WARN_ABOUT_RETURN_TYPE = YES_ERROR;
				GCC_WARN_UNDECLARED_SELECTOR = YES;
				GCC_WARN_UNINITIALIZED_AUTOS = YES_AGGRESSIVE;
				GCC_WARN_UNUSED_FUNCTION = YES;
				GCC_WARN_UNUSED_VARIABLE = YES;
				IPHONEOS_DEPLOYMENT_TARGET = 15.0;
				MTL_ENABLE_DEBUG_INFO = INCLUDE_SOURCE;
				MTL_FAST_MATH = YES;
				ONLY_ACTIVE_ARCH = YES;
				SDKROOT = iphoneos;
				SWIFT_ACTIVE_COMPILATION_CONDITIONS = DEBUG;
				SWIFT_OPTIMIZATION_LEVEL = "-Onone";
			};
			name = Debug;
		};
		142FE5E22711816B001B9702 /* Release */ = {
			isa = XCBuildConfiguration;
			buildSettings = {
				ALWAYS_SEARCH_USER_PATHS = NO;
				CLANG_ANALYZER_NONNULL = YES;
				CLANG_ANALYZER_NUMBER_OBJECT_CONVERSION = YES_AGGRESSIVE;
				CLANG_CXX_LANGUAGE_STANDARD = "gnu++17";
				CLANG_CXX_LIBRARY = "libc++";
				CLANG_ENABLE_MODULES = YES;
				CLANG_ENABLE_OBJC_ARC = YES;
				CLANG_ENABLE_OBJC_WEAK = YES;
				CLANG_WARN_BLOCK_CAPTURE_AUTORELEASING = YES;
				CLANG_WARN_BOOL_CONVERSION = YES;
				CLANG_WARN_COMMA = YES;
				CLANG_WARN_CONSTANT_CONVERSION = YES;
				CLANG_WARN_DEPRECATED_OBJC_IMPLEMENTATIONS = YES;
				CLANG_WARN_DIRECT_OBJC_ISA_USAGE = YES_ERROR;
				CLANG_WARN_DOCUMENTATION_COMMENTS = YES;
				CLANG_WARN_EMPTY_BODY = YES;
				CLANG_WARN_ENUM_CONVERSION = YES;
				CLANG_WARN_INFINITE_RECURSION = YES;
				CLANG_WARN_INT_CONVERSION = YES;
				CLANG_WARN_NON_LITERAL_NULL_CONVERSION = YES;
				CLANG_WARN_OBJC_IMPLICIT_RETAIN_SELF = YES;
				CLANG_WARN_OBJC_LITERAL_CONVERSION = YES;
				CLANG_WARN_OBJC_ROOT_CLASS = YES_ERROR;
				CLANG_WARN_QUOTED_INCLUDE_IN_FRAMEWORK_HEADER = YES;
				CLANG_WARN_RANGE_LOOP_ANALYSIS = YES;
				CLANG_WARN_STRICT_PROTOTYPES = YES;
				CLANG_WARN_SUSPICIOUS_MOVE = YES;
				CLANG_WARN_UNGUARDED_AVAILABILITY = YES_AGGRESSIVE;
				CLANG_WARN_UNREACHABLE_CODE = YES;
				CLANG_WARN__DUPLICATE_METHOD_MATCH = YES;
				COPY_PHASE_STRIP = NO;
				DEBUG_INFORMATION_FORMAT = "dwarf-with-dsym";
				ENABLE_NS_ASSERTIONS = NO;
				ENABLE_STRICT_OBJC_MSGSEND = YES;
				GCC_C_LANGUAGE_STANDARD = gnu11;
				GCC_NO_COMMON_BLOCKS = YES;
				GCC_WARN_64_TO_32_BIT_CONVERSION = YES;
				GCC_WARN_ABOUT_RETURN_TYPE = YES_ERROR;
				GCC_WARN_UNDECLARED_SELECTOR = YES;
				GCC_WARN_UNINITIALIZED_AUTOS = YES_AGGRESSIVE;
				GCC_WARN_UNUSED_FUNCTION = YES;
				GCC_WARN_UNUSED_VARIABLE = YES;
				IPHONEOS_DEPLOYMENT_TARGET = 15.0;
				MTL_ENABLE_DEBUG_INFO = NO;
				MTL_FAST_MATH = YES;
				SDKROOT = iphoneos;
				SWIFT_COMPILATION_MODE = wholemodule;
				SWIFT_OPTIMIZATION_LEVEL = "-O";
				VALIDATE_PRODUCT = YES;
			};
			name = Release;
		};
		142FE5E42711816B001B9702 /* Debug */ = {
			isa = XCBuildConfiguration;
			buildSettings = {
				ASSETCATALOG_COMPILER_APPICON_NAME = AppIcon;
				ASSETCATALOG_COMPILER_GLOBAL_ACCENT_COLOR_NAME = AccentColor;
				CODE_SIGN_STYLE = Automatic;
				CURRENT_PROJECT_VERSION = 1;
				DEVELOPMENT_TEAM = 8TDPZKXY69;
				GENERATE_INFOPLIST_FILE = YES;
				INFOPLIST_FILE = "week2-seminar2/Info.plist";
				INFOPLIST_KEY_UIApplicationSupportsIndirectInputEvents = YES;
				INFOPLIST_KEY_UILaunchStoryboardName = LaunchScreen;
				INFOPLIST_KEY_UIMainStoryboardFile = Main;
				INFOPLIST_KEY_UISupportedInterfaceOrientations_iPad = "UIInterfaceOrientationPortrait UIInterfaceOrientationPortraitUpsideDown UIInterfaceOrientationLandscapeLeft UIInterfaceOrientationLandscapeRight";
				INFOPLIST_KEY_UISupportedInterfaceOrientations_iPhone = "UIInterfaceOrientationPortrait UIInterfaceOrientationLandscapeLeft UIInterfaceOrientationLandscapeRight";
				LD_RUNPATH_SEARCH_PATHS = (
					"$(inherited)",
					"@executable_path/Frameworks",
				);
				MARKETING_VERSION = 1.0;
				PRODUCT_BUNDLE_IDENTIFIER = "SOPT-29th.week2-seminar2";
				PRODUCT_NAME = "$(TARGET_NAME)";
				SWIFT_EMIT_LOC_STRINGS = YES;
				SWIFT_VERSION = 5.0;
				TARGETED_DEVICE_FAMILY = "1,2";
			};
			name = Debug;
		};
		142FE5E52711816B001B9702 /* Release */ = {
			isa = XCBuildConfiguration;
			buildSettings = {
				ASSETCATALOG_COMPILER_APPICON_NAME = AppIcon;
				ASSETCATALOG_COMPILER_GLOBAL_ACCENT_COLOR_NAME = AccentColor;
				CODE_SIGN_STYLE = Automatic;
				CURRENT_PROJECT_VERSION = 1;
				DEVELOPMENT_TEAM = 8TDPZKXY69;
				GENERATE_INFOPLIST_FILE = YES;
				INFOPLIST_FILE = "week2-seminar2/Info.plist";
				INFOPLIST_KEY_UIApplicationSupportsIndirectInputEvents = YES;
				INFOPLIST_KEY_UILaunchStoryboardName = LaunchScreen;
				INFOPLIST_KEY_UIMainStoryboardFile = Main;
				INFOPLIST_KEY_UISupportedInterfaceOrientations_iPad = "UIInterfaceOrientationPortrait UIInterfaceOrientationPortraitUpsideDown UIInterfaceOrientationLandscapeLeft UIInterfaceOrientationLandscapeRight";
				INFOPLIST_KEY_UISupportedInterfaceOrientations_iPhone = "UIInterfaceOrientationPortrait UIInterfaceOrientationLandscapeLeft UIInterfaceOrientationLandscapeRight";
				LD_RUNPATH_SEARCH_PATHS = (
					"$(inherited)",
					"@executable_path/Frameworks",
				);
				MARKETING_VERSION = 1.0;
				PRODUCT_BUNDLE_IDENTIFIER = "SOPT-29th.week2-seminar2";
				PRODUCT_NAME = "$(TARGET_NAME)";
				SWIFT_EMIT_LOC_STRINGS = YES;
				SWIFT_VERSION = 5.0;
				TARGETED_DEVICE_FAMILY = "1,2";
			};
			name = Release;
		};
/* End XCBuildConfiguration section */

/* Begin XCConfigurationList section */
		142FE5CA27118169001B9702 /* Build configuration list for PBXProject "week2-seminar2" */ = {
			isa = XCConfigurationList;
			buildConfigurations = (
				142FE5E12711816B001B9702 /* Debug */,
				142FE5E22711816B001B9702 /* Release */,
			);
			defaultConfigurationIsVisible = 0;
			defaultConfigurationName = Release;
		};
		142FE5E32711816B001B9702 /* Build configuration list for PBXNativeTarget "week2-seminar2" */ = {
			isa = XCConfigurationList;
			buildConfigurations = (
				142FE5E42711816B001B9702 /* Debug */,
				142FE5E52711816B001B9702 /* Release */,
			);
			defaultConfigurationIsVisible = 0;
			defaultConfigurationName = Release;
		};
/* End XCConfigurationList section */
	};
	rootObject = 142FE5C727118169001B9702 /* Project object */;
}
