// !$*UTF8*$!
{
	archiveVersion = 1;
	classes = {
	};
	objectVersion = 55;
	objects = {

/* Begin PBXBuildFile section */
		0C6C04A020D063F576673976 /* Pods_assignment_Youtube.framework in Frameworks */ = {isa = PBXBuildFile; fileRef = E14E9C7BB0AD3A42F690D615 /* Pods_assignment_Youtube.framework */; };
		14020A022722F1FD00AF0375 /* YoutubeTabBarController.swift in Sources */ = {isa = PBXBuildFile; fileRef = 14020A012722F1FD00AF0375 /* YoutubeTabBarController.swift */; };
		14020A042722F21D00AF0375 /* HomeVC.swift in Sources */ = {isa = PBXBuildFile; fileRef = 14020A032722F21D00AF0375 /* HomeVC.swift */; };
		14020A062722F22800AF0375 /* ShortsVC.swift in Sources */ = {isa = PBXBuildFile; fileRef = 14020A052722F22800AF0375 /* ShortsVC.swift */; };
		14020A082722F23500AF0375 /* PlusVC.swift in Sources */ = {isa = PBXBuildFile; fileRef = 14020A072722F23500AF0375 /* PlusVC.swift */; };
		14020A0A2722F24C00AF0375 /* SubscriptionVC.swift in Sources */ = {isa = PBXBuildFile; fileRef = 14020A092722F24C00AF0375 /* SubscriptionVC.swift */; };
		14020A0C2722F25600AF0375 /* LibraryVC.swift in Sources */ = {isa = PBXBuildFile; fileRef = 14020A0B2722F25600AF0375 /* LibraryVC.swift */; };
		1430B1602710A298005A0538 /* LoginViewController.swift in Sources */ = {isa = PBXBuildFile; fileRef = 1430B15F2710A298005A0538 /* LoginViewController.swift */; };
		1430B1622710A2C5005A0538 /* SignUpViewController.swift in Sources */ = {isa = PBXBuildFile; fileRef = 1430B1612710A2C5005A0538 /* SignUpViewController.swift */; };
		1430B1642710A2D0005A0538 /* CompleteViewController.swift in Sources */ = {isa = PBXBuildFile; fileRef = 1430B1632710A2D0005A0538 /* CompleteViewController.swift */; };
		146C9E942710980D0065A609 /* AppDelegate.swift in Sources */ = {isa = PBXBuildFile; fileRef = 146C9E932710980D0065A609 /* AppDelegate.swift */; };
		146C9E962710980D0065A609 /* SceneDelegate.swift in Sources */ = {isa = PBXBuildFile; fileRef = 146C9E952710980D0065A609 /* SceneDelegate.swift */; };
		146C9E982710980D0065A609 /* ViewController.swift in Sources */ = {isa = PBXBuildFile; fileRef = 146C9E972710980D0065A609 /* ViewController.swift */; };
		146C9E9B2710980D0065A609 /* Main.storyboard in Resources */ = {isa = PBXBuildFile; fileRef = 146C9E992710980D0065A609 /* Main.storyboard */; };
		146C9E9D271098100065A609 /* Assets.xcassets in Resources */ = {isa = PBXBuildFile; fileRef = 146C9E9C271098100065A609 /* Assets.xcassets */; };
		146C9EA0271098100065A609 /* LaunchScreen.storyboard in Resources */ = {isa = PBXBuildFile; fileRef = 146C9E9E271098100065A609 /* LaunchScreen.storyboard */; };
		1479C42E2775B80D007F88BB /* UserLoginService.swift in Sources */ = {isa = PBXBuildFile; fileRef = 1479C42D2775B80D007F88BB /* UserLoginService.swift */; };
		14CBA157272C2DF800917518 /* HomeTableViewCell.swift in Sources */ = {isa = PBXBuildFile; fileRef = 14CBA155272C2DF800917518 /* HomeTableViewCell.swift */; };
		14CBA158272C2DF800917518 /* HomeTableViewCell.xib in Resources */ = {isa = PBXBuildFile; fileRef = 14CBA156272C2DF800917518 /* HomeTableViewCell.xib */; };
		14CBA15A272C30D500917518 /* HomeVideoModel.swift in Sources */ = {isa = PBXBuildFile; fileRef = 14CBA159272C30D500917518 /* HomeVideoModel.swift */; };
		14CBA15C272C3EA600917518 /* HomeCollectionViewCell.swift in Sources */ = {isa = PBXBuildFile; fileRef = 14CBA15B272C3EA600917518 /* HomeCollectionViewCell.swift */; };
		14CBA15E272C404300917518 /* HomeShortsVideoModel.swift in Sources */ = {isa = PBXBuildFile; fileRef = 14CBA15D272C404300917518 /* HomeShortsVideoModel.swift */; };
		14EFE90827413ECF00864A81 /* APIConstants.swift in Sources */ = {isa = PBXBuildFile; fileRef = 14EFE90727413ECF00864A81 /* APIConstants.swift */; };
		14EFE90C2741419900864A81 /* UserSignupService.swift in Sources */ = {isa = PBXBuildFile; fileRef = 14EFE9092741419900864A81 /* UserSignupService.swift */; };
		14EFE90D2741419900864A81 /* NetworkResult.swift in Sources */ = {isa = PBXBuildFile; fileRef = 14EFE90A2741419900864A81 /* NetworkResult.swift */; };
		14EFE90E2741419900864A81 /* LoginResponseDataModel.swift in Sources */ = {isa = PBXBuildFile; fileRef = 14EFE90B2741419900864A81 /* LoginResponseDataModel.swift */; };
/* End PBXBuildFile section */

/* Begin PBXFileReference section */
		0D7FBC4A26F9DB4C4F5178D0 /* Pods-assignment-Youtube.debug.xcconfig */ = {isa = PBXFileReference; includeInIndex = 1; lastKnownFileType = text.xcconfig; name = "Pods-assignment-Youtube.debug.xcconfig"; path = "Target Support Files/Pods-assignment-Youtube/Pods-assignment-Youtube.debug.xcconfig"; sourceTree = "<group>"; };
		0F91DE3FDB628F710259D8D6 /* Pods-assignment-Youtube.release.xcconfig */ = {isa = PBXFileReference; includeInIndex = 1; lastKnownFileType = text.xcconfig; name = "Pods-assignment-Youtube.release.xcconfig"; path = "Target Support Files/Pods-assignment-Youtube/Pods-assignment-Youtube.release.xcconfig"; sourceTree = "<group>"; };
		14020A012722F1FD00AF0375 /* YoutubeTabBarController.swift */ = {isa = PBXFileReference; lastKnownFileType = sourcecode.swift; path = YoutubeTabBarController.swift; sourceTree = "<group>"; };
		14020A032722F21D00AF0375 /* HomeVC.swift */ = {isa = PBXFileReference; lastKnownFileType = sourcecode.swift; path = HomeVC.swift; sourceTree = "<group>"; };
		14020A052722F22800AF0375 /* ShortsVC.swift */ = {isa = PBXFileReference; lastKnownFileType = sourcecode.swift; path = ShortsVC.swift; sourceTree = "<group>"; };
		14020A072722F23500AF0375 /* PlusVC.swift */ = {isa = PBXFileReference; lastKnownFileType = sourcecode.swift; path = PlusVC.swift; sourceTree = "<group>"; };
		14020A092722F24C00AF0375 /* SubscriptionVC.swift */ = {isa = PBXFileReference; lastKnownFileType = sourcecode.swift; path = SubscriptionVC.swift; sourceTree = "<group>"; };
		14020A0B2722F25600AF0375 /* LibraryVC.swift */ = {isa = PBXFileReference; lastKnownFileType = sourcecode.swift; path = LibraryVC.swift; sourceTree = "<group>"; };
		1430B15F2710A298005A0538 /* LoginViewController.swift */ = {isa = PBXFileReference; lastKnownFileType = sourcecode.swift; path = LoginViewController.swift; sourceTree = "<group>"; };
		1430B1612710A2C5005A0538 /* SignUpViewController.swift */ = {isa = PBXFileReference; lastKnownFileType = sourcecode.swift; path = SignUpViewController.swift; sourceTree = "<group>"; };
		1430B1632710A2D0005A0538 /* CompleteViewController.swift */ = {isa = PBXFileReference; lastKnownFileType = sourcecode.swift; path = CompleteViewController.swift; sourceTree = "<group>"; };
		146C9E902710980D0065A609 /* assignment-Youtube.app */ = {isa = PBXFileReference; explicitFileType = wrapper.application; includeInIndex = 0; path = "assignment-Youtube.app"; sourceTree = BUILT_PRODUCTS_DIR; };
		146C9E932710980D0065A609 /* AppDelegate.swift */ = {isa = PBXFileReference; lastKnownFileType = sourcecode.swift; path = AppDelegate.swift; sourceTree = "<group>"; };
		146C9E952710980D0065A609 /* SceneDelegate.swift */ = {isa = PBXFileReference; lastKnownFileType = sourcecode.swift; path = SceneDelegate.swift; sourceTree = "<group>"; };
		146C9E972710980D0065A609 /* ViewController.swift */ = {isa = PBXFileReference; lastKnownFileType = sourcecode.swift; path = ViewController.swift; sourceTree = "<group>"; };
		146C9E9A2710980D0065A609 /* Base */ = {isa = PBXFileReference; lastKnownFileType = file.storyboard; name = Base; path = Base.lproj/Main.storyboard; sourceTree = "<group>"; };
		146C9E9C271098100065A609 /* Assets.xcassets */ = {isa = PBXFileReference; lastKnownFileType = folder.assetcatalog; path = Assets.xcassets; sourceTree = "<group>"; };
		146C9E9F271098100065A609 /* Base */ = {isa = PBXFileReference; lastKnownFileType = file.storyboard; name = Base; path = Base.lproj/LaunchScreen.storyboard; sourceTree = "<group>"; };
		146C9EA1271098100065A609 /* Info.plist */ = {isa = PBXFileReference; lastKnownFileType = text.plist.xml; path = Info.plist; sourceTree = "<group>"; };
		1479C42D2775B80D007F88BB /* UserLoginService.swift */ = {isa = PBXFileReference; lastKnownFileType = sourcecode.swift; path = UserLoginService.swift; sourceTree = "<group>"; };
		14CBA155272C2DF800917518 /* HomeTableViewCell.swift */ = {isa = PBXFileReference; lastKnownFileType = sourcecode.swift; path = HomeTableViewCell.swift; sourceTree = "<group>"; };
		14CBA156272C2DF800917518 /* HomeTableViewCell.xib */ = {isa = PBXFileReference; lastKnownFileType = file.xib; path = HomeTableViewCell.xib; sourceTree = "<group>"; };
		14CBA159272C30D500917518 /* HomeVideoModel.swift */ = {isa = PBXFileReference; lastKnownFileType = sourcecode.swift; path = HomeVideoModel.swift; sourceTree = "<group>"; };
		14CBA15B272C3EA600917518 /* HomeCollectionViewCell.swift */ = {isa = PBXFileReference; lastKnownFileType = sourcecode.swift; path = HomeCollectionViewCell.swift; sourceTree = "<group>"; };
		14CBA15D272C404300917518 /* HomeShortsVideoModel.swift */ = {isa = PBXFileReference; lastKnownFileType = sourcecode.swift; path = HomeShortsVideoModel.swift; sourceTree = "<group>"; };
		14EFE90727413ECF00864A81 /* APIConstants.swift */ = {isa = PBXFileReference; lastKnownFileType = sourcecode.swift; path = APIConstants.swift; sourceTree = "<group>"; };
		14EFE9092741419900864A81 /* UserSignupService.swift */ = {isa = PBXFileReference; fileEncoding = 4; lastKnownFileType = sourcecode.swift; path = UserSignupService.swift; sourceTree = "<group>"; };
		14EFE90A2741419900864A81 /* NetworkResult.swift */ = {isa = PBXFileReference; fileEncoding = 4; lastKnownFileType = sourcecode.swift; path = NetworkResult.swift; sourceTree = "<group>"; };
		14EFE90B2741419900864A81 /* LoginResponseDataModel.swift */ = {isa = PBXFileReference; fileEncoding = 4; lastKnownFileType = sourcecode.swift; path = LoginResponseDataModel.swift; sourceTree = "<group>"; };
		E14E9C7BB0AD3A42F690D615 /* Pods_assignment_Youtube.framework */ = {isa = PBXFileReference; explicitFileType = wrapper.framework; includeInIndex = 0; path = Pods_assignment_Youtube.framework; sourceTree = BUILT_PRODUCTS_DIR; };
/* End PBXFileReference section */

/* Begin PBXFrameworksBuildPhase section */
		146C9E8D2710980D0065A609 /* Frameworks */ = {
			isa = PBXFrameworksBuildPhase;
			buildActionMask = 2147483647;
			files = (
				0C6C04A020D063F576673976 /* Pods_assignment_Youtube.framework in Frameworks */,
			);
			runOnlyForDeploymentPostprocessing = 0;
		};
/* End PBXFrameworksBuildPhase section */

/* Begin PBXGroup section */
		1423AA9D2771D61A00B96C9C /* Source */ = {
			isa = PBXGroup;
			children = (
				1423AAA82771DA7D00B96C9C /* Models */,
				1423AAA02771D64900B96C9C /* Network */,
				1423AA9F2771D63500B96C9C /* Screen */,
				1423AAA72771DA3E00B96C9C /* Supports */,
			);
			path = Source;
			sourceTree = "<group>";
		};
		1423AA9F2771D63500B96C9C /* Screen */ = {
			isa = PBXGroup;
			children = (
				1423AAA52771D6B300B96C9C /* Storyboard */,
				1423AAA42771D69800B96C9C /* VC */,
				1423AAA22771D68000B96C9C /* Component */,
				1423AAA12771D67A00B96C9C /* Cell */,
			);
			path = Screen;
			sourceTree = "<group>";
		};
		1423AAA02771D64900B96C9C /* Network */ = {
			isa = PBXGroup;
			children = (
				14EFE90727413ECF00864A81 /* APIConstants.swift */,
				14EFE90B2741419900864A81 /* LoginResponseDataModel.swift */,
				14EFE90A2741419900864A81 /* NetworkResult.swift */,
				14EFE9092741419900864A81 /* UserSignupService.swift */,
				1479C42D2775B80D007F88BB /* UserLoginService.swift */,
			);
			path = Network;
			sourceTree = "<group>";
		};
		1423AAA12771D67A00B96C9C /* Cell */ = {
			isa = PBXGroup;
			children = (
				14CBA15B272C3EA600917518 /* HomeCollectionViewCell.swift */,
				14CBA155272C2DF800917518 /* HomeTableViewCell.swift */,
			);
			path = Cell;
			sourceTree = "<group>";
		};
		1423AAA22771D68000B96C9C /* Component */ = {
			isa = PBXGroup;
			children = (
				14CBA156272C2DF800917518 /* HomeTableViewCell.xib */,
			);
			path = Component;
			sourceTree = "<group>";
		};
		1423AAA42771D69800B96C9C /* VC */ = {
			isa = PBXGroup;
			children = (
				1479C42C2775B412007F88BB /* Accounts */,
				14020A032722F21D00AF0375 /* HomeVC.swift */,
				14020A0B2722F25600AF0375 /* LibraryVC.swift */,
				14020A072722F23500AF0375 /* PlusVC.swift */,
				14020A052722F22800AF0375 /* ShortsVC.swift */,
				14020A092722F24C00AF0375 /* SubscriptionVC.swift */,
				146C9E972710980D0065A609 /* ViewController.swift */,
				14020A012722F1FD00AF0375 /* YoutubeTabBarController.swift */,
			);
			path = VC;
			sourceTree = "<group>";
		};
		1423AAA52771D6B300B96C9C /* Storyboard */ = {
			isa = PBXGroup;
			children = (
				146C9E992710980D0065A609 /* Main.storyboard */,
			);
			path = Storyboard;
			sourceTree = "<group>";
		};
		1423AAA72771DA3E00B96C9C /* Supports */ = {
			isa = PBXGroup;
			children = (
				146C9E932710980D0065A609 /* AppDelegate.swift */,
				146C9E952710980D0065A609 /* SceneDelegate.swift */,
			);
			path = Supports;
			sourceTree = "<group>";
		};
		1423AAA82771DA7D00B96C9C /* Models */ = {
			isa = PBXGroup;
			children = (
				14CBA15D272C404300917518 /* HomeShortsVideoModel.swift */,
				14CBA159272C30D500917518 /* HomeVideoModel.swift */,
			);
			path = Models;
			sourceTree = "<group>";
		};
		1423AAA92771DA9800B96C9C /* Resource */ = {
			isa = PBXGroup;
			children = (
				146C9E9C271098100065A609 /* Assets.xcassets */,
				146C9EA1271098100065A609 /* Info.plist */,
				146C9E9E271098100065A609 /* LaunchScreen.storyboard */,
			);
			path = Resource;
			sourceTree = "<group>";
		};
		146C9E872710980D0065A609 = {
			isa = PBXGroup;
			children = (
				146C9E922710980D0065A609 /* assignment-Youtube */,
				146C9E912710980D0065A609 /* Products */,
				FB9109E2158470A978363E97 /* Pods */,
				E896A46FFC8671F5F70E1C52 /* Frameworks */,
			);
			sourceTree = "<group>";
		};
		146C9E912710980D0065A609 /* Products */ = {
			isa = PBXGroup;
			children = (
				146C9E902710980D0065A609 /* assignment-Youtube.app */,
			);
			name = Products;
			sourceTree = "<group>";
		};
		146C9E922710980D0065A609 /* assignment-Youtube */ = {
			isa = PBXGroup;
			children = (
				1423AA9D2771D61A00B96C9C /* Source */,
				1423AAA92771DA9800B96C9C /* Resource */,
			);
			path = "assignment-Youtube";
			sourceTree = "<group>";
		};
		1479C42C2775B412007F88BB /* Accounts */ = {
			isa = PBXGroup;
			children = (
				1430B1632710A2D0005A0538 /* CompleteViewController.swift */,
				1430B15F2710A298005A0538 /* LoginViewController.swift */,
				1430B1612710A2C5005A0538 /* SignUpViewController.swift */,
			);
			path = Accounts;
			sourceTree = "<group>";
		};
		E896A46FFC8671F5F70E1C52 /* Frameworks */ = {
			isa = PBXGroup;
			children = (
				E14E9C7BB0AD3A42F690D615 /* Pods_assignment_Youtube.framework */,
			);
			name = Frameworks;
			sourceTree = "<group>";
		};
		FB9109E2158470A978363E97 /* Pods */ = {
			isa = PBXGroup;
			children = (
				0D7FBC4A26F9DB4C4F5178D0 /* Pods-assignment-Youtube.debug.xcconfig */,
				0F91DE3FDB628F710259D8D6 /* Pods-assignment-Youtube.release.xcconfig */,
			);
			path = Pods;
			sourceTree = "<group>";
		};
/* End PBXGroup section */

/* Begin PBXNativeTarget section */
		146C9E8F2710980D0065A609 /* assignment-Youtube */ = {
			isa = PBXNativeTarget;
			buildConfigurationList = 146C9EA4271098100065A609 /* Build configuration list for PBXNativeTarget "assignment-Youtube" */;
			buildPhases = (
				6DFE094E14CDCB961D8D21D6 /* [CP] Check Pods Manifest.lock */,
				146C9E8C2710980D0065A609 /* Sources */,
				146C9E8D2710980D0065A609 /* Frameworks */,
				146C9E8E2710980D0065A609 /* Resources */,
				409BF06D238D7556B5280526 /* [CP] Embed Pods Frameworks */,
			);
			buildRules = (
			);
			dependencies = (
			);
			name = "assignment-Youtube";
			productName = "week1-assignment";
			productReference = 146C9E902710980D0065A609 /* assignment-Youtube.app */;
			productType = "com.apple.product-type.application";
		};
/* End PBXNativeTarget section */

/* Begin PBXProject section */
		146C9E882710980D0065A609 /* Project object */ = {
			isa = PBXProject;
			attributes = {
				BuildIndependentTargetsInParallel = 1;
				LastSwiftUpdateCheck = 1300;
				LastUpgradeCheck = 1300;
				TargetAttributes = {
					146C9E8F2710980D0065A609 = {
						CreatedOnToolsVersion = 13.0;
					};
				};
			};
			buildConfigurationList = 146C9E8B2710980D0065A609 /* Build configuration list for PBXProject "assignment-Youtube" */;
			compatibilityVersion = "Xcode 13.0";
			developmentRegion = en;
			hasScannedForEncodings = 0;
			knownRegions = (
				en,
				Base,
			);
			mainGroup = 146C9E872710980D0065A609;
			productRefGroup = 146C9E912710980D0065A609 /* Products */;
			projectDirPath = "";
			projectRoot = "";
			targets = (
				146C9E8F2710980D0065A609 /* assignment-Youtube */,
			);
		};
/* End PBXProject section */

/* Begin PBXResourcesBuildPhase section */
		146C9E8E2710980D0065A609 /* Resources */ = {
			isa = PBXResourcesBuildPhase;
			buildActionMask = 2147483647;
			files = (
				146C9EA0271098100065A609 /* LaunchScreen.storyboard in Resources */,
				146C9E9D271098100065A609 /* Assets.xcassets in Resources */,
				14CBA158272C2DF800917518 /* HomeTableViewCell.xib in Resources */,
				146C9E9B2710980D0065A609 /* Main.storyboard in Resources */,
			);
			runOnlyForDeploymentPostprocessing = 0;
		};
/* End PBXResourcesBuildPhase section */

/* Begin PBXShellScriptBuildPhase section */
		409BF06D238D7556B5280526 /* [CP] Embed Pods Frameworks */ = {
			isa = PBXShellScriptBuildPhase;
			buildActionMask = 2147483647;
			files = (
			);
			inputFileListPaths = (
				"${PODS_ROOT}/Target Support Files/Pods-assignment-Youtube/Pods-assignment-Youtube-frameworks-${CONFIGURATION}-input-files.xcfilelist",
			);
			name = "[CP] Embed Pods Frameworks";
			outputFileListPaths = (
				"${PODS_ROOT}/Target Support Files/Pods-assignment-Youtube/Pods-assignment-Youtube-frameworks-${CONFIGURATION}-output-files.xcfilelist",
			);
			runOnlyForDeploymentPostprocessing = 0;
			shellPath = /bin/sh;
			shellScript = "\"${PODS_ROOT}/Target Support Files/Pods-assignment-Youtube/Pods-assignment-Youtube-frameworks.sh\"\n";
			showEnvVarsInLog = 0;
		};
		6DFE094E14CDCB961D8D21D6 /* [CP] Check Pods Manifest.lock */ = {
			isa = PBXShellScriptBuildPhase;
			buildActionMask = 2147483647;
			files = (
			);
			inputFileListPaths = (
			);
			inputPaths = (
				"${PODS_PODFILE_DIR_PATH}/Podfile.lock",
				"${PODS_ROOT}/Manifest.lock",
			);
			name = "[CP] Check Pods Manifest.lock";
			outputFileListPaths = (
			);
			outputPaths = (
				"$(DERIVED_FILE_DIR)/Pods-assignment-Youtube-checkManifestLockResult.txt",
			);
			runOnlyForDeploymentPostprocessing = 0;
			shellPath = /bin/sh;
			shellScript = "diff \"${PODS_PODFILE_DIR_PATH}/Podfile.lock\" \"${PODS_ROOT}/Manifest.lock\" > /dev/null\nif [ $? != 0 ] ; then\n    # print error to STDERR\n    echo \"error: The sandbox is not in sync with the Podfile.lock. Run 'pod install' or update your CocoaPods installation.\" >&2\n    exit 1\nfi\n# This output is used by Xcode 'outputs' to avoid re-running this script phase.\necho \"SUCCESS\" > \"${SCRIPT_OUTPUT_FILE_0}\"\n";
			showEnvVarsInLog = 0;
		};
/* End PBXShellScriptBuildPhase section */

/* Begin PBXSourcesBuildPhase section */
		146C9E8C2710980D0065A609 /* Sources */ = {
			isa = PBXSourcesBuildPhase;
			buildActionMask = 2147483647;
			files = (
				1430B1602710A298005A0538 /* LoginViewController.swift in Sources */,
				1479C42E2775B80D007F88BB /* UserLoginService.swift in Sources */,
				14020A042722F21D00AF0375 /* HomeVC.swift in Sources */,
				14EFE90E2741419900864A81 /* LoginResponseDataModel.swift in Sources */,
				14EFE90827413ECF00864A81 /* APIConstants.swift in Sources */,
				14CBA157272C2DF800917518 /* HomeTableViewCell.swift in Sources */,
				14020A022722F1FD00AF0375 /* YoutubeTabBarController.swift in Sources */,
				14CBA15A272C30D500917518 /* HomeVideoModel.swift in Sources */,
				14CBA15C272C3EA600917518 /* HomeCollectionViewCell.swift in Sources */,
				14EFE90C2741419900864A81 /* UserSignupService.swift in Sources */,
				146C9E982710980D0065A609 /* ViewController.swift in Sources */,
				14020A0A2722F24C00AF0375 /* SubscriptionVC.swift in Sources */,
				146C9E942710980D0065A609 /* AppDelegate.swift in Sources */,
				14CBA15E272C404300917518 /* HomeShortsVideoModel.swift in Sources */,
				146C9E962710980D0065A609 /* SceneDelegate.swift in Sources */,
				14020A082722F23500AF0375 /* PlusVC.swift in Sources */,
				14020A0C2722F25600AF0375 /* LibraryVC.swift in Sources */,
				1430B1622710A2C5005A0538 /* SignUpViewController.swift in Sources */,
				14020A062722F22800AF0375 /* ShortsVC.swift in Sources */,
				1430B1642710A2D0005A0538 /* CompleteViewController.swift in Sources */,
				14EFE90D2741419900864A81 /* NetworkResult.swift in Sources */,
			);
			runOnlyForDeploymentPostprocessing = 0;
		};
/* End PBXSourcesBuildPhase section */

/* Begin PBXVariantGroup section */
		146C9E992710980D0065A609 /* Main.storyboard */ = {
			isa = PBXVariantGroup;
			children = (
				146C9E9A2710980D0065A609 /* Base */,
			);
			name = Main.storyboard;
			sourceTree = "<group>";
		};
		146C9E9E271098100065A609 /* LaunchScreen.storyboard */ = {
			isa = PBXVariantGroup;
			children = (
				146C9E9F271098100065A609 /* Base */,
			);
			name = LaunchScreen.storyboard;
			sourceTree = "<group>";
		};
/* End PBXVariantGroup section */

/* Begin XCBuildConfiguration section */
		146C9EA2271098100065A609 /* Debug */ = {
			isa = XCBuildConfiguration;
			buildSettings = {
				ALWAYS_SEARCH_USER_PATHS = NO;
				CLANG_ANALYZER_NONNULL = YES;
				CLANG_ANALYZER_NUMBER_OBJECT_CONVERSION = YES_AGGRESSIVE;
				CLANG_CXX_LANGUAGE_STANDARD = "gnu++17";
				CLANG_CXX_LIBRARY = "libc++";
				CLANG_ENABLE_MODULES = YES;
				CLANG_ENABLE_OBJC_ARC = YES;
				CLANG_ENABLE_OBJC_WEAK = YES;
				CLANG_WARN_BLOCK_CAPTURE_AUTORELEASING = YES;
				CLANG_WARN_BOOL_CONVERSION = YES;
				CLANG_WARN_COMMA = YES;
				CLANG_WARN_CONSTANT_CONVERSION = YES;
				CLANG_WARN_DEPRECATED_OBJC_IMPLEMENTATIONS = YES;
				CLANG_WARN_DIRECT_OBJC_ISA_USAGE = YES_ERROR;
				CLANG_WARN_DOCUMENTATION_COMMENTS = YES;
				CLANG_WARN_EMPTY_BODY = YES;
				CLANG_WARN_ENUM_CONVERSION = YES;
				CLANG_WARN_INFINITE_RECURSION = YES;
				CLANG_WARN_INT_CONVERSION = YES;
				CLANG_WARN_NON_LITERAL_NULL_CONVERSION = YES;
				CLANG_WARN_OBJC_IMPLICIT_RETAIN_SELF = YES;
				CLANG_WARN_OBJC_LITERAL_CONVERSION = YES;
				CLANG_WARN_OBJC_ROOT_CLASS = YES_ERROR;
				CLANG_WARN_QUOTED_INCLUDE_IN_FRAMEWORK_HEADER = YES;
				CLANG_WARN_RANGE_LOOP_ANALYSIS = YES;
				CLANG_WARN_STRICT_PROTOTYPES = YES;
				CLANG_WARN_SUSPICIOUS_MOVE = YES;
				CLANG_WARN_UNGUARDED_AVAILABILITY = YES_AGGRESSIVE;
				CLANG_WARN_UNREACHABLE_CODE = YES;
				CLANG_WARN__DUPLICATE_METHOD_MATCH = YES;
				COPY_PHASE_STRIP = NO;
				DEBUG_INFORMATION_FORMAT = dwarf;
				ENABLE_STRICT_OBJC_MSGSEND = YES;
				ENABLE_TESTABILITY = YES;
				GCC_C_LANGUAGE_STANDARD = gnu11;
				GCC_DYNAMIC_NO_PIC = NO;
				GCC_NO_COMMON_BLOCKS = YES;
				GCC_OPTIMIZATION_LEVEL = 0;
				GCC_PREPROCESSOR_DEFINITIONS = (
					"DEBUG=1",
					"$(inherited)",
				);
				GCC_WARN_64_TO_32_BIT_CONVERSION = YES;
				GCC_WARN_ABOUT_RETURN_TYPE = YES_ERROR;
				GCC_WARN_UNDECLARED_SELECTOR = YES;
				GCC_WARN_UNINITIALIZED_AUTOS = YES_AGGRESSIVE;
				GCC_WARN_UNUSED_FUNCTION = YES;
				GCC_WARN_UNUSED_VARIABLE = YES;
				IPHONEOS_DEPLOYMENT_TARGET = 15.0;
				MTL_ENABLE_DEBUG_INFO = INCLUDE_SOURCE;
				MTL_FAST_MATH = YES;
				ONLY_ACTIVE_ARCH = YES;
				SDKROOT = iphoneos;
				SWIFT_ACTIVE_COMPILATION_CONDITIONS = DEBUG;
				SWIFT_OPTIMIZATION_LEVEL = "-Onone";
			};
			name = Debug;
		};
		146C9EA3271098100065A609 /* Release */ = {
			isa = XCBuildConfiguration;
			buildSettings = {
				ALWAYS_SEARCH_USER_PATHS = NO;
				CLANG_ANALYZER_NONNULL = YES;
				CLANG_ANALYZER_NUMBER_OBJECT_CONVERSION = YES_AGGRESSIVE;
				CLANG_CXX_LANGUAGE_STANDARD = "gnu++17";
				CLANG_CXX_LIBRARY = "libc++";
				CLANG_ENABLE_MODULES = YES;
				CLANG_ENABLE_OBJC_ARC = YES;
				CLANG_ENABLE_OBJC_WEAK = YES;
				CLANG_WARN_BLOCK_CAPTURE_AUTORELEASING = YES;
				CLANG_WARN_BOOL_CONVERSION = YES;
				CLANG_WARN_COMMA = YES;
				CLANG_WARN_CONSTANT_CONVERSION = YES;
				CLANG_WARN_DEPRECATED_OBJC_IMPLEMENTATIONS = YES;
				CLANG_WARN_DIRECT_OBJC_ISA_USAGE = YES_ERROR;
				CLANG_WARN_DOCUMENTATION_COMMENTS = YES;
				CLANG_WARN_EMPTY_BODY = YES;
				CLANG_WARN_ENUM_CONVERSION = YES;
				CLANG_WARN_INFINITE_RECURSION = YES;
				CLANG_WARN_INT_CONVERSION = YES;
				CLANG_WARN_NON_LITERAL_NULL_CONVERSION = YES;
				CLANG_WARN_OBJC_IMPLICIT_RETAIN_SELF = YES;
				CLANG_WARN_OBJC_LITERAL_CONVERSION = YES;
				CLANG_WARN_OBJC_ROOT_CLASS = YES_ERROR;
				CLANG_WARN_QUOTED_INCLUDE_IN_FRAMEWORK_HEADER = YES;
				CLANG_WARN_RANGE_LOOP_ANALYSIS = YES;
				CLANG_WARN_STRICT_PROTOTYPES = YES;
				CLANG_WARN_SUSPICIOUS_MOVE = YES;
				CLANG_WARN_UNGUARDED_AVAILABILITY = YES_AGGRESSIVE;
				CLANG_WARN_UNREACHABLE_CODE = YES;
				CLANG_WARN__DUPLICATE_METHOD_MATCH = YES;
				COPY_PHASE_STRIP = NO;
				DEBUG_INFORMATION_FORMAT = "dwarf-with-dsym";
				ENABLE_NS_ASSERTIONS = NO;
				ENABLE_STRICT_OBJC_MSGSEND = YES;
				GCC_C_LANGUAGE_STANDARD = gnu11;
				GCC_NO_COMMON_BLOCKS = YES;
				GCC_WARN_64_TO_32_BIT_CONVERSION = YES;
				GCC_WARN_ABOUT_RETURN_TYPE = YES_ERROR;
				GCC_WARN_UNDECLARED_SELECTOR = YES;
				GCC_WARN_UNINITIALIZED_AUTOS = YES_AGGRESSIVE;
				GCC_WARN_UNUSED_FUNCTION = YES;
				GCC_WARN_UNUSED_VARIABLE = YES;
				IPHONEOS_DEPLOYMENT_TARGET = 15.0;
				MTL_ENABLE_DEBUG_INFO = NO;
				MTL_FAST_MATH = YES;
				SDKROOT = iphoneos;
				SWIFT_COMPILATION_MODE = wholemodule;
				SWIFT_OPTIMIZATION_LEVEL = "-O";
				VALIDATE_PRODUCT = YES;
			};
			name = Release;
		};
		146C9EA5271098100065A609 /* Debug */ = {
			isa = XCBuildConfiguration;
			baseConfigurationReference = 0D7FBC4A26F9DB4C4F5178D0 /* Pods-assignment-Youtube.debug.xcconfig */;
			buildSettings = {
				ASSETCATALOG_COMPILER_APPICON_NAME = AppIcon;
				ASSETCATALOG_COMPILER_GLOBAL_ACCENT_COLOR_NAME = AccentColor;
				CODE_SIGN_STYLE = Automatic;
				CURRENT_PROJECT_VERSION = 1;
				DEVELOPMENT_TEAM = 8TDPZKXY69;
				GENERATE_INFOPLIST_FILE = YES;
				INFOPLIST_FILE = "assignment-Youtube/Resource/Info.plist";
				INFOPLIST_KEY_UIApplicationSupportsIndirectInputEvents = YES;
				INFOPLIST_KEY_UILaunchStoryboardName = LaunchScreen;
				INFOPLIST_KEY_UIMainStoryboardFile = Main;
				INFOPLIST_KEY_UISupportedInterfaceOrientations_iPad = "UIInterfaceOrientationPortrait UIInterfaceOrientationPortraitUpsideDown UIInterfaceOrientationLandscapeLeft UIInterfaceOrientationLandscapeRight";
				INFOPLIST_KEY_UISupportedInterfaceOrientations_iPhone = "UIInterfaceOrientationPortrait UIInterfaceOrientationLandscapeLeft UIInterfaceOrientationLandscapeRight";
				LD_RUNPATH_SEARCH_PATHS = (
					"$(inherited)",
					"@executable_path/Frameworks",
				);
				MARKETING_VERSION = 1.0;
				PRODUCT_BUNDLE_IDENTIFIER = "SOPT-29th.assignment-Youtube";
				PRODUCT_NAME = "$(TARGET_NAME)";
				SWIFT_EMIT_LOC_STRINGS = YES;
				SWIFT_VERSION = 5.0;
				TARGETED_DEVICE_FAMILY = "1,2";
			};
			name = Debug;
		};
		146C9EA6271098100065A609 /* Release */ = {
			isa = XCBuildConfiguration;
			baseConfigurationReference = 0F91DE3FDB628F710259D8D6 /* Pods-assignment-Youtube.release.xcconfig */;
			buildSettings = {
				ASSETCATALOG_COMPILER_APPICON_NAME = AppIcon;
				ASSETCATALOG_COMPILER_GLOBAL_ACCENT_COLOR_NAME = AccentColor;
				CODE_SIGN_STYLE = Automatic;
				CURRENT_PROJECT_VERSION = 1;
				DEVELOPMENT_TEAM = 8TDPZKXY69;
				GENERATE_INFOPLIST_FILE = YES;
				INFOPLIST_FILE = "assignment-Youtube/Resource/Info.plist";
				INFOPLIST_KEY_UIApplicationSupportsIndirectInputEvents = YES;
				INFOPLIST_KEY_UILaunchStoryboardName = LaunchScreen;
				INFOPLIST_KEY_UIMainStoryboardFile = Main;
				INFOPLIST_KEY_UISupportedInterfaceOrientations_iPad = "UIInterfaceOrientationPortrait UIInterfaceOrientationPortraitUpsideDown UIInterfaceOrientationLandscapeLeft UIInterfaceOrientationLandscapeRight";
				INFOPLIST_KEY_UISupportedInterfaceOrientations_iPhone = "UIInterfaceOrientationPortrait UIInterfaceOrientationLandscapeLeft UIInterfaceOrientationLandscapeRight";
				LD_RUNPATH_SEARCH_PATHS = (
					"$(inherited)",
					"@executable_path/Frameworks",
				);
				MARKETING_VERSION = 1.0;
				PRODUCT_BUNDLE_IDENTIFIER = "SOPT-29th.assignment-Youtube";
				PRODUCT_NAME = "$(TARGET_NAME)";
				SWIFT_EMIT_LOC_STRINGS = YES;
				SWIFT_VERSION = 5.0;
				TARGETED_DEVICE_FAMILY = "1,2";
			};
			name = Release;
		};
/* End XCBuildConfiguration section */

/* Begin XCConfigurationList section */
		146C9E8B2710980D0065A609 /* Build configuration list for PBXProject "assignment-Youtube" */ = {
			isa = XCConfigurationList;
			buildConfigurations = (
				146C9EA2271098100065A609 /* Debug */,
				146C9EA3271098100065A609 /* Release */,
			);
			defaultConfigurationIsVisible = 0;
			defaultConfigurationName = Release;
		};
		146C9EA4271098100065A609 /* Build configuration list for PBXNativeTarget "assignment-Youtube" */ = {
			isa = XCConfigurationList;
			buildConfigurations = (
				146C9EA5271098100065A609 /* Debug */,
				146C9EA6271098100065A609 /* Release */,
			);
			defaultConfigurationIsVisible = 0;
			defaultConfigurationName = Release;
		};
/* End XCConfigurationList section */
	};
	rootObject = 146C9E882710980D0065A609 /* Project object */;
}
